
Microsoft Visual Studio Solution File, Format Version 12.00
Project("{FAE04EC0-301F-11D3-BF4B-00C04F79EFBC}") = "SalesApp", "SalesApp\SalesApp.csproj", "{DFE03E5A-598E-492F-AB8C-D95B77CBCCD6}"
EndProject
Global
	GlobalSection(SolutionConfigurationPlatforms) = preSolution
		Debug|Any CPU = Debug|Any CPU
		Release|Any CPU = Release|Any CPU
	EndGlobalSection
	GlobalSection(ProjectConfigurationPlatforms) = postSolution
		{DFE03E5A-598E-492F-AB8C-D95B77CBCCD6}.Debug|Any CPU.ActiveCfg = Debug|Any CPU
		{DFE03E5A-598E-492F-AB8C-D95B77CBCCD6}.Debug|Any CPU.Build.0 = Debug|Any CPU
		{DFE03E5A-598E-492F-AB8C-D95B77CBCCD6}.Release|Any CPU.ActiveCfg = Release|Any CPU
		{DFE03E5A-598E-492F-AB8C-D95B77CBCCD6}.Release|Any CPU.Build.0 = Release|Any CPU
	EndGlobalSection
EndGlobal
